
Microsoft Visual Studio Solution File, Format Version 12.00
# Visual Studio Version 16
VisualStudioVersion = 16.0.29613.14
MinimumVisualStudioVersion = 10.0.40219.1
Project("{9A19103F-16F7-4668-BE54-9A1E7A4F7556}") = "BattleShipConsole", "BattleShipConsole.csproj", "{9E9226EC-8AB5-480C-82AA-0FF18FD6875B}"
EndProject
Project("{FAE04EC0-301F-11D3-BF4B-00C04F79EFBC}") = "BattleshipLibrary", "..\BattleshipLibrary\BattleshipLibrary.csproj", "{A565DB60-34D9-4A83-A902-EDE75E2B4EF3}"
EndProject
Project("{FAE04EC0-301F-11D3-BF4B-00C04F79EFBC}") = "Mockup", "..\Mockup\Mockup.csproj", "{F6CA46CA-D0FB-4D17-875E-62B486212654}"
EndProject
Global
	GlobalSection(SolutionConfigurationPlatforms) = preSolution
		Debug|Any CPU = Debug|Any CPU
		Release|Any CPU = Release|Any CPU
	EndGlobalSection
	GlobalSection(ProjectConfigurationPlatforms) = postSolution
		{9E9226EC-8AB5-480C-82AA-0FF18FD6875B}.Debug|Any CPU.ActiveCfg = Debug|Any CPU
		{9E9226EC-8AB5-480C-82AA-0FF18FD6875B}.Debug|Any CPU.Build.0 = Debug|Any CPU
		{9E9226EC-8AB5-480C-82AA-0FF18FD6875B}.Release|Any CPU.ActiveCfg = Release|Any CPU
		{9E9226EC-8AB5-480C-82AA-0FF18FD6875B}.Release|Any CPU.Build.0 = Release|Any CPU
		{A565DB60-34D9-4A83-A902-EDE75E2B4EF3}.Debug|Any CPU.ActiveCfg = Debug|Any CPU
		{A565DB60-34D9-4A83-A902-EDE75E2B4EF3}.Debug|Any CPU.Build.0 = Debug|Any CPU
		{A565DB60-34D9-4A83-A902-EDE75E2B4EF3}.Release|Any CPU.ActiveCfg = Release|Any CPU
		{A565DB60-34D9-4A83-A902-EDE75E2B4EF3}.Release|Any CPU.Build.0 = Release|Any CPU
		{F6CA46CA-D0FB-4D17-875E-62B486212654}.Debug|Any CPU.ActiveCfg = Debug|Any CPU
		{F6CA46CA-D0FB-4D17-875E-62B486212654}.Debug|Any CPU.Build.0 = Debug|Any CPU
		{F6CA46CA-D0FB-4D17-875E-62B486212654}.Release|Any CPU.ActiveCfg = Release|Any CPU
		{F6CA46CA-D0FB-4D17-875E-62B486212654}.Release|Any CPU.Build.0 = Release|Any CPU
	EndGlobalSection
	GlobalSection(SolutionProperties) = preSolution
		HideSolutionNode = FALSE
	EndGlobalSection
	GlobalSection(ExtensibilityGlobals) = postSolution
		SolutionGuid = {CB3A9E85-41EB-4E30-ACD1-00534C309C73}
	EndGlobalSection
EndGlobal
